
Microsoft Visual Studio Solution File, Format Version 12.00
# Visual Studio Version 17
VisualStudioVersion = 17.10.35122.118
MinimumVisualStudioVersion = 10.0.40219.1
Project("{FAE04EC0-301F-11D3-BF4B-00C04F79EFBC}") = "sokszog_feladat", "sokszog_feladat\sokszog_feladat.csproj", "{B1918DF3-E448-4735-A4C1-066E0BAB1BAC}"
EndProject
Project("{FAE04EC0-301F-11D3-BF4B-00C04F79EFBC}") = "Sokszog.Test", "Sokszog.Test\Sokszog.Test.csproj", "{5D84AE06-45E2-4282-B8C5-7CE0813F8FC7}"
EndProject
Global
	GlobalSection(SolutionConfigurationPlatforms) = preSolution
		Debug|Any CPU = Debug|Any CPU
		Release|Any CPU = Release|Any CPU
	EndGlobalSection
	GlobalSection(ProjectConfigurationPlatforms) = postSolution
		{B1918DF3-E448-4735-A4C1-066E0BAB1BAC}.Debug|Any CPU.ActiveCfg = Debug|Any CPU
		{B1918DF3-E448-4735-A4C1-066E0BAB1BAC}.Debug|Any CPU.Build.0 = Debug|Any CPU
		{B1918DF3-E448-4735-A4C1-066E0BAB1BAC}.Release|Any CPU.ActiveCfg = Release|Any CPU
		{B1918DF3-E448-4735-A4C1-066E0BAB1BAC}.Release|Any CPU.Build.0 = Release|Any CPU
		{5D84AE06-45E2-4282-B8C5-7CE0813F8FC7}.Debug|Any CPU.ActiveCfg = Debug|Any CPU
		{5D84AE06-45E2-4282-B8C5-7CE0813F8FC7}.Debug|Any CPU.Build.0 = Debug|Any CPU
		{5D84AE06-45E2-4282-B8C5-7CE0813F8FC7}.Release|Any CPU.ActiveCfg = Release|Any CPU
		{5D84AE06-45E2-4282-B8C5-7CE0813F8FC7}.Release|Any CPU.Build.0 = Release|Any CPU
	EndGlobalSection
	GlobalSection(SolutionProperties) = preSolution
		HideSolutionNode = FALSE
	EndGlobalSection
	GlobalSection(ExtensibilityGlobals) = postSolution
		SolutionGuid = {324C57C2-BA89-42A1-8AD2-02BEE466629F}
	EndGlobalSection
EndGlobal
